
Microsoft Visual Studio Solution File, Format Version 12.00
# Visual Studio Version 17
VisualStudioVersion = 17.14.36401.2 d17.14
MinimumVisualStudioVersion = 10.0.40219.1
Project("{8BC9CEB8-8B4A-11D0-8D11-00A0C91BC942}") = "2025-10.25练习", "2025-10.25练习.vcxproj", "{C10C56D8-6454-4257-8A63-B95F6F29220E}"
EndProject
Global
	GlobalSection(SolutionConfigurationPlatforms) = preSolution
		Debug|x64 = Debug|x64
		Debug|x86 = Debug|x86
		Release|x64 = Release|x64
		Release|x86 = Release|x86
	EndGlobalSection
	GlobalSection(ProjectConfigurationPlatforms) = postSolution
		{C10C56D8-6454-4257-8A63-B95F6F29220E}.Debug|x64.ActiveCfg = Debug|x64
		{C10C56D8-6454-4257-8A63-B95F6F29220E}.Debug|x64.Build.0 = Debug|x64
		{C10C56D8-6454-4257-8A63-B95F6F29220E}.Debug|x86.ActiveCfg = Debug|Win32
		{C10C56D8-6454-4257-8A63-B95F6F29220E}.Debug|x86.Build.0 = Debug|Win32
		{C10C56D8-6454-4257-8A63-B95F6F29220E}.Release|x64.ActiveCfg = Release|x64
		{C10C56D8-6454-4257-8A63-B95F6F29220E}.Release|x64.Build.0 = Release|x64
		{C10C56D8-6454-4257-8A63-B95F6F29220E}.Release|x86.ActiveCfg = Release|Win32
		{C10C56D8-6454-4257-8A63-B95F6F29220E}.Release|x86.Build.0 = Release|Win32
	EndGlobalSection
	GlobalSection(SolutionProperties) = preSolution
		HideSolutionNode = FALSE
	EndGlobalSection
	GlobalSection(ExtensibilityGlobals) = postSolution
		SolutionGuid = {D61CF1D9-7AB7-498C-A49E-82427E275059}
	EndGlobalSection
EndGlobal
