
Microsoft Visual Studio Solution File, Format Version 12.00
# Visual Studio Version 17
VisualStudioVersion = 17.14.36401.2 d17.14
MinimumVisualStudioVersion = 10.0.40219.1
Project("{8BC9CEB8-8B4A-11D0-8D11-00A0C91BC942}") = "2025-9.21练习", "2025-9.21练习.vcxproj", "{690E1038-A7BC-47EF-A27B-C262DA573A40}"
EndProject
Global
	GlobalSection(SolutionConfigurationPlatforms) = preSolution
		Debug|x64 = Debug|x64
		Debug|x86 = Debug|x86
		Release|x64 = Release|x64
		Release|x86 = Release|x86
	EndGlobalSection
	GlobalSection(ProjectConfigurationPlatforms) = postSolution
		{690E1038-A7BC-47EF-A27B-C262DA573A40}.Debug|x64.ActiveCfg = Debug|x64
		{690E1038-A7BC-47EF-A27B-C262DA573A40}.Debug|x64.Build.0 = Debug|x64
		{690E1038-A7BC-47EF-A27B-C262DA573A40}.Debug|x86.ActiveCfg = Debug|Win32
		{690E1038-A7BC-47EF-A27B-C262DA573A40}.Debug|x86.Build.0 = Debug|Win32
		{690E1038-A7BC-47EF-A27B-C262DA573A40}.Release|x64.ActiveCfg = Release|x64
		{690E1038-A7BC-47EF-A27B-C262DA573A40}.Release|x64.Build.0 = Release|x64
		{690E1038-A7BC-47EF-A27B-C262DA573A40}.Release|x86.ActiveCfg = Release|Win32
		{690E1038-A7BC-47EF-A27B-C262DA573A40}.Release|x86.Build.0 = Release|Win32
	EndGlobalSection
	GlobalSection(SolutionProperties) = preSolution
		HideSolutionNode = FALSE
	EndGlobalSection
	GlobalSection(ExtensibilityGlobals) = postSolution
		SolutionGuid = {42B82D84-6F17-4A51-B595-26483E6AF733}
	EndGlobalSection
EndGlobal
