
Microsoft Visual Studio Solution File, Format Version 12.00
# Visual Studio Version 17
VisualStudioVersion = 17.14.36401.2 d17.14
MinimumVisualStudioVersion = 10.0.40219.1
Project("{8BC9CEB8-8B4A-11D0-8D11-00A0C91BC942}") = "2025-11.1练习", "2025-11.1练习.vcxproj", "{B469CFCF-595B-4355-859E-52E0E3B3FA32}"
EndProject
Global
	GlobalSection(SolutionConfigurationPlatforms) = preSolution
		Debug|x64 = Debug|x64
		Debug|x86 = Debug|x86
		Release|x64 = Release|x64
		Release|x86 = Release|x86
	EndGlobalSection
	GlobalSection(ProjectConfigurationPlatforms) = postSolution
		{B469CFCF-595B-4355-859E-52E0E3B3FA32}.Debug|x64.ActiveCfg = Debug|x64
		{B469CFCF-595B-4355-859E-52E0E3B3FA32}.Debug|x64.Build.0 = Debug|x64
		{B469CFCF-595B-4355-859E-52E0E3B3FA32}.Debug|x86.ActiveCfg = Debug|Win32
		{B469CFCF-595B-4355-859E-52E0E3B3FA32}.Debug|x86.Build.0 = Debug|Win32
		{B469CFCF-595B-4355-859E-52E0E3B3FA32}.Release|x64.ActiveCfg = Release|x64
		{B469CFCF-595B-4355-859E-52E0E3B3FA32}.Release|x64.Build.0 = Release|x64
		{B469CFCF-595B-4355-859E-52E0E3B3FA32}.Release|x86.ActiveCfg = Release|Win32
		{B469CFCF-595B-4355-859E-52E0E3B3FA32}.Release|x86.Build.0 = Release|Win32
	EndGlobalSection
	GlobalSection(SolutionProperties) = preSolution
		HideSolutionNode = FALSE
	EndGlobalSection
	GlobalSection(ExtensibilityGlobals) = postSolution
		SolutionGuid = {B9A7FA6C-A420-441C-A959-E36322849B89}
	EndGlobalSection
EndGlobal
