
Microsoft Visual Studio Solution File, Format Version 12.00
# Visual Studio Version 17
VisualStudioVersion = 17.14.36401.2 d17.14
MinimumVisualStudioVersion = 10.0.40219.1
Project("{8BC9CEB8-8B4A-11D0-8D11-00A0C91BC942}") = "2025-9.12练习", "2025-9.12练习.vcxproj", "{89A8B633-9573-4E8C-92CB-B8B77FB5983A}"
EndProject
Global
	GlobalSection(SolutionConfigurationPlatforms) = preSolution
		Debug|x64 = Debug|x64
		Debug|x86 = Debug|x86
		Release|x64 = Release|x64
		Release|x86 = Release|x86
	EndGlobalSection
	GlobalSection(ProjectConfigurationPlatforms) = postSolution
		{89A8B633-9573-4E8C-92CB-B8B77FB5983A}.Debug|x64.ActiveCfg = Debug|x64
		{89A8B633-9573-4E8C-92CB-B8B77FB5983A}.Debug|x64.Build.0 = Debug|x64
		{89A8B633-9573-4E8C-92CB-B8B77FB5983A}.Debug|x86.ActiveCfg = Debug|Win32
		{89A8B633-9573-4E8C-92CB-B8B77FB5983A}.Debug|x86.Build.0 = Debug|Win32
		{89A8B633-9573-4E8C-92CB-B8B77FB5983A}.Release|x64.ActiveCfg = Release|x64
		{89A8B633-9573-4E8C-92CB-B8B77FB5983A}.Release|x64.Build.0 = Release|x64
		{89A8B633-9573-4E8C-92CB-B8B77FB5983A}.Release|x86.ActiveCfg = Release|Win32
		{89A8B633-9573-4E8C-92CB-B8B77FB5983A}.Release|x86.Build.0 = Release|Win32
	EndGlobalSection
	GlobalSection(SolutionProperties) = preSolution
		HideSolutionNode = FALSE
	EndGlobalSection
	GlobalSection(ExtensibilityGlobals) = postSolution
		SolutionGuid = {C060500A-2585-4CD3-98BE-31E20D04EACC}
	EndGlobalSection
EndGlobal
